
Microsoft Visual Studio Solution File, Format Version 12.00
# Visual Studio Version 17
VisualStudioVersion = 17.9.34310.174
MinimumVisualStudioVersion = 10.0.40219.1
Project("{9A19103F-16F7-4668-BE54-9A1E7A4F7556}") = "ConsoleApp.OutputDemo", "ConsoleApp.OutputDemo\ConsoleApp.OutputDemo.csproj", "{D9C13DA8-299C-4E6B-8DE5-B0228F6A3256}"
EndProject
Project("{9A19103F-16F7-4668-BE54-9A1E7A4F7556}") = "ConsoleApp.VariablesDemo", "ConsoleApp.VariablesDemo\ConsoleApp.VariablesDemo.csproj", "{824EB1EE-658F-4AC2-BA41-4C2C54C1DBE5}"
EndProject
Project("{FAE04EC0-301F-11D3-BF4B-00C04F79EFBC}") = "ConsoleApp.UserInputDemo", "ConsoleApp.UserInputDemo\ConsoleApp.UserInputDemo.csproj", "{446BEEAF-D038-4884-B725-A9359FF8CC7F}"
EndProject
Global
	GlobalSection(SolutionConfigurationPlatforms) = preSolution
		Debug|Any CPU = Debug|Any CPU
		Release|Any CPU = Release|Any CPU
	EndGlobalSection
	GlobalSection(ProjectConfigurationPlatforms) = postSolution
		{D9C13DA8-299C-4E6B-8DE5-B0228F6A3256}.Debug|Any CPU.ActiveCfg = Debug|Any CPU
		{D9C13DA8-299C-4E6B-8DE5-B0228F6A3256}.Debug|Any CPU.Build.0 = Debug|Any CPU
		{D9C13DA8-299C-4E6B-8DE5-B0228F6A3256}.Release|Any CPU.ActiveCfg = Release|Any CPU
		{D9C13DA8-299C-4E6B-8DE5-B0228F6A3256}.Release|Any CPU.Build.0 = Release|Any CPU
		{824EB1EE-658F-4AC2-BA41-4C2C54C1DBE5}.Debug|Any CPU.ActiveCfg = Debug|Any CPU
		{824EB1EE-658F-4AC2-BA41-4C2C54C1DBE5}.Debug|Any CPU.Build.0 = Debug|Any CPU
		{824EB1EE-658F-4AC2-BA41-4C2C54C1DBE5}.Release|Any CPU.ActiveCfg = Release|Any CPU
		{824EB1EE-658F-4AC2-BA41-4C2C54C1DBE5}.Release|Any CPU.Build.0 = Release|Any CPU
		{446BEEAF-D038-4884-B725-A9359FF8CC7F}.Debug|Any CPU.ActiveCfg = Debug|Any CPU
		{446BEEAF-D038-4884-B725-A9359FF8CC7F}.Debug|Any CPU.Build.0 = Debug|Any CPU
		{446BEEAF-D038-4884-B725-A9359FF8CC7F}.Release|Any CPU.ActiveCfg = Release|Any CPU
		{446BEEAF-D038-4884-B725-A9359FF8CC7F}.Release|Any CPU.Build.0 = Release|Any CPU
	EndGlobalSection
	GlobalSection(SolutionProperties) = preSolution
		HideSolutionNode = FALSE
	EndGlobalSection
	GlobalSection(ExtensibilityGlobals) = postSolution
		SolutionGuid = {FD1363A7-9F97-4806-B4DA-518C8AF37B7A}
	EndGlobalSection
EndGlobal
